
Microsoft Visual Studio Solution File, Format Version 12.00
# Visual Studio Version 17
VisualStudioVersion = 17.7.34024.191
MinimumVisualStudioVersion = 10.0.40219.1
Project("{FAE04EC0-301F-11D3-BF4B-00C04F79EFBC}") = "Mod15Dz", "Mod15Dz\Mod15Dz.csproj", "{F5043FE0-6285-47C7-A240-6432FF80E9AD}"
EndProject
Global
	GlobalSection(SolutionConfigurationPlatforms) = preSolution
		Debug|Any CPU = Debug|Any CPU
		Release|Any CPU = Release|Any CPU
	EndGlobalSection
	GlobalSection(ProjectConfigurationPlatforms) = postSolution
		{F5043FE0-6285-47C7-A240-6432FF80E9AD}.Debug|Any CPU.ActiveCfg = Debug|Any CPU
		{F5043FE0-6285-47C7-A240-6432FF80E9AD}.Debug|Any CPU.Build.0 = Debug|Any CPU
		{F5043FE0-6285-47C7-A240-6432FF80E9AD}.Release|Any CPU.ActiveCfg = Release|Any CPU
		{F5043FE0-6285-47C7-A240-6432FF80E9AD}.Release|Any CPU.Build.0 = Release|Any CPU
	EndGlobalSection
	GlobalSection(SolutionProperties) = preSolution
		HideSolutionNode = FALSE
	EndGlobalSection
	GlobalSection(ExtensibilityGlobals) = postSolution
		SolutionGuid = {96BF44DC-BB60-423E-ACCF-639673916057}
	EndGlobalSection
EndGlobal
